
Microsoft Visual Studio Solution File, Format Version 12.00
Project("{FAE04EC0-301F-11D3-BF4B-00C04F79EFBC}") = "FolkApplication.Console", "FolkApplication.Console\FolkApplication.Console.csproj", "{BB1D0E8D-7FF7-4808-B334-C3314CC95542}"
EndProject
Project("{FAE04EC0-301F-11D3-BF4B-00C04F79EFBC}") = "FolkApplication.Domain", "FolkApplication.Domain\FolkApplication.Domain.csproj", "{E5AD81D8-CD9A-45E4-BE92-743385F428AD}"
EndProject
Project("{FAE04EC0-301F-11D3-BF4B-00C04F79EFBC}") = "FolkApplication.Framework", "FolkApplication.Framework\FolkApplication.Framework.csproj", "{A38B0959-B74B-4BC9-83CA-9EED9302B8DF}"
EndProject
Project("{2150E333-8FDC-42A3-9474-1A3956D46DE8}") = "Infrastructure", "Infrastructure", "{FCFCA0EB-2FBD-4566-B475-FECDE0966E12}"
EndProject
Project("{FAE04EC0-301F-11D3-BF4B-00C04F79EFBC}") = "FolkApplication.EventStore", "Infrastructure\FolkApplication.EventStore\FolkApplication.EventStore.csproj", "{56D010F0-F22A-4B48-B761-56AC34640337}"
EndProject
Project("{FAE04EC0-301F-11D3-BF4B-00C04F79EFBC}") = "FolkApplication.ViewContext", "Infrastructure\FolkApplication.ViewContext\FolkApplication.ViewContext.csproj", "{5F47E49A-757F-4756-8B7C-7F2F8314C4D1}"
EndProject
Global
	GlobalSection(SolutionConfigurationPlatforms) = preSolution
		Debug|Any CPU = Debug|Any CPU
		Release|Any CPU = Release|Any CPU
	EndGlobalSection
	GlobalSection(ProjectConfigurationPlatforms) = postSolution
		{BB1D0E8D-7FF7-4808-B334-C3314CC95542}.Debug|Any CPU.ActiveCfg = Debug|Any CPU
		{BB1D0E8D-7FF7-4808-B334-C3314CC95542}.Debug|Any CPU.Build.0 = Debug|Any CPU
		{BB1D0E8D-7FF7-4808-B334-C3314CC95542}.Release|Any CPU.ActiveCfg = Release|Any CPU
		{BB1D0E8D-7FF7-4808-B334-C3314CC95542}.Release|Any CPU.Build.0 = Release|Any CPU
		{E5AD81D8-CD9A-45E4-BE92-743385F428AD}.Debug|Any CPU.ActiveCfg = Debug|Any CPU
		{E5AD81D8-CD9A-45E4-BE92-743385F428AD}.Debug|Any CPU.Build.0 = Debug|Any CPU
		{E5AD81D8-CD9A-45E4-BE92-743385F428AD}.Release|Any CPU.ActiveCfg = Release|Any CPU
		{E5AD81D8-CD9A-45E4-BE92-743385F428AD}.Release|Any CPU.Build.0 = Release|Any CPU
		{A38B0959-B74B-4BC9-83CA-9EED9302B8DF}.Debug|Any CPU.ActiveCfg = Debug|Any CPU
		{A38B0959-B74B-4BC9-83CA-9EED9302B8DF}.Debug|Any CPU.Build.0 = Debug|Any CPU
		{A38B0959-B74B-4BC9-83CA-9EED9302B8DF}.Release|Any CPU.ActiveCfg = Release|Any CPU
		{A38B0959-B74B-4BC9-83CA-9EED9302B8DF}.Release|Any CPU.Build.0 = Release|Any CPU
		{56D010F0-F22A-4B48-B761-56AC34640337}.Debug|Any CPU.ActiveCfg = Debug|Any CPU
		{56D010F0-F22A-4B48-B761-56AC34640337}.Debug|Any CPU.Build.0 = Debug|Any CPU
		{56D010F0-F22A-4B48-B761-56AC34640337}.Release|Any CPU.ActiveCfg = Release|Any CPU
		{56D010F0-F22A-4B48-B761-56AC34640337}.Release|Any CPU.Build.0 = Release|Any CPU
		{5F47E49A-757F-4756-8B7C-7F2F8314C4D1}.Debug|Any CPU.ActiveCfg = Debug|Any CPU
		{5F47E49A-757F-4756-8B7C-7F2F8314C4D1}.Debug|Any CPU.Build.0 = Debug|Any CPU
		{5F47E49A-757F-4756-8B7C-7F2F8314C4D1}.Release|Any CPU.ActiveCfg = Release|Any CPU
		{5F47E49A-757F-4756-8B7C-7F2F8314C4D1}.Release|Any CPU.Build.0 = Release|Any CPU
	EndGlobalSection
	GlobalSection(NestedProjects) = preSolution
		{56D010F0-F22A-4B48-B761-56AC34640337} = {FCFCA0EB-2FBD-4566-B475-FECDE0966E12}
		{5F47E49A-757F-4756-8B7C-7F2F8314C4D1} = {FCFCA0EB-2FBD-4566-B475-FECDE0966E12}
	EndGlobalSection
EndGlobal
